
Microsoft Visual Studio Solution File, Format Version 12.00
Project("{2150E333-8FDC-42A3-9474-1A3956D46DE8}") = "src", "src", "{5C7EC445-FC95-437F-9274-9205F8DAF210}"
EndProject
Project("{FAE04EC0-301F-11D3-BF4B-00C04F79EFBC}") = "Presentation", "src\Presentation\Presentation.csproj", "{AB959748-92AF-49B4-9C1A-FBBAD0524CEC}"
EndProject
Project("{FAE04EC0-301F-11D3-BF4B-00C04F79EFBC}") = "Data", "src\Data\Data.csproj", "{21E55525-8E6A-444E-A985-80CCA6FDFEB4}"
EndProject
Project("{FAE04EC0-301F-11D3-BF4B-00C04F79EFBC}") = "Business", "src\Business\Business.csproj", "{44B911E2-09DC-4BB5-BDA9-1E0F671E09BB}"
EndProject
Project("{FAE04EC0-301F-11D3-BF4B-00C04F79EFBC}") = "Style", "src\Style\Style.csproj", "{6D6F0C99-6E1A-4B99-914E-CE4FC4206CA0}"
EndProject
Project("{2150E333-8FDC-42A3-9474-1A3956D46DE8}") = "test", "test", "{DB850BCB-35A6-4461-8164-8A884094E5BE}"
EndProject
Project("{2150E333-8FDC-42A3-9474-1A3956D46DE8}") = "UnitTests", "UnitTests", "{608C2B67-AF76-4D80-8294-AA104CEF8117}"
EndProject
Project("{FAE04EC0-301F-11D3-BF4B-00C04F79EFBC}") = "DetectionFactory", "DetectionFactory\DetectionFactory.csproj", "{C82EDC11-8197-4E1C-9971-2F82690B52A9}"
EndProject
Global
	GlobalSection(SolutionConfigurationPlatforms) = preSolution
		Debug|Any CPU = Debug|Any CPU
		Release|Any CPU = Release|Any CPU
	EndGlobalSection
	GlobalSection(NestedProjects) = preSolution
		{AB959748-92AF-49B4-9C1A-FBBAD0524CEC} = {5C7EC445-FC95-437F-9274-9205F8DAF210}
		{21E55525-8E6A-444E-A985-80CCA6FDFEB4} = {5C7EC445-FC95-437F-9274-9205F8DAF210}
		{44B911E2-09DC-4BB5-BDA9-1E0F671E09BB} = {5C7EC445-FC95-437F-9274-9205F8DAF210}
		{6D6F0C99-6E1A-4B99-914E-CE4FC4206CA0} = {5C7EC445-FC95-437F-9274-9205F8DAF210}
		{608C2B67-AF76-4D80-8294-AA104CEF8117} = {DB850BCB-35A6-4461-8164-8A884094E5BE}
		{C82EDC11-8197-4E1C-9971-2F82690B52A9} = {608C2B67-AF76-4D80-8294-AA104CEF8117}
	EndGlobalSection
	GlobalSection(ProjectConfigurationPlatforms) = postSolution
		{AB959748-92AF-49B4-9C1A-FBBAD0524CEC}.Debug|Any CPU.ActiveCfg = Debug|Any CPU
		{AB959748-92AF-49B4-9C1A-FBBAD0524CEC}.Debug|Any CPU.Build.0 = Debug|Any CPU
		{AB959748-92AF-49B4-9C1A-FBBAD0524CEC}.Release|Any CPU.ActiveCfg = Release|Any CPU
		{AB959748-92AF-49B4-9C1A-FBBAD0524CEC}.Release|Any CPU.Build.0 = Release|Any CPU
		{21E55525-8E6A-444E-A985-80CCA6FDFEB4}.Debug|Any CPU.ActiveCfg = Debug|Any CPU
		{21E55525-8E6A-444E-A985-80CCA6FDFEB4}.Debug|Any CPU.Build.0 = Debug|Any CPU
		{21E55525-8E6A-444E-A985-80CCA6FDFEB4}.Release|Any CPU.ActiveCfg = Release|Any CPU
		{21E55525-8E6A-444E-A985-80CCA6FDFEB4}.Release|Any CPU.Build.0 = Release|Any CPU
		{44B911E2-09DC-4BB5-BDA9-1E0F671E09BB}.Debug|Any CPU.ActiveCfg = Debug|Any CPU
		{44B911E2-09DC-4BB5-BDA9-1E0F671E09BB}.Debug|Any CPU.Build.0 = Debug|Any CPU
		{44B911E2-09DC-4BB5-BDA9-1E0F671E09BB}.Release|Any CPU.ActiveCfg = Release|Any CPU
		{44B911E2-09DC-4BB5-BDA9-1E0F671E09BB}.Release|Any CPU.Build.0 = Release|Any CPU
		{6D6F0C99-6E1A-4B99-914E-CE4FC4206CA0}.Debug|Any CPU.ActiveCfg = Debug|Any CPU
		{6D6F0C99-6E1A-4B99-914E-CE4FC4206CA0}.Debug|Any CPU.Build.0 = Debug|Any CPU
		{6D6F0C99-6E1A-4B99-914E-CE4FC4206CA0}.Release|Any CPU.ActiveCfg = Release|Any CPU
		{6D6F0C99-6E1A-4B99-914E-CE4FC4206CA0}.Release|Any CPU.Build.0 = Release|Any CPU
		{C82EDC11-8197-4E1C-9971-2F82690B52A9}.Debug|Any CPU.ActiveCfg = Debug|Any CPU
		{C82EDC11-8197-4E1C-9971-2F82690B52A9}.Debug|Any CPU.Build.0 = Debug|Any CPU
		{C82EDC11-8197-4E1C-9971-2F82690B52A9}.Release|Any CPU.ActiveCfg = Release|Any CPU
		{C82EDC11-8197-4E1C-9971-2F82690B52A9}.Release|Any CPU.Build.0 = Release|Any CPU
	EndGlobalSection
EndGlobal
